
Microsoft Visual Studio Solution File, Format Version 12.00
# Visual Studio Version 17
VisualStudioVersion = 17.5.33424.131
MinimumVisualStudioVersion = 10.0.40219.1
Project("{FAE04EC0-301F-11D3-BF4B-00C04F79EFBC}") = "T7CompilerLib", "T7CompilerLib\T7CompilerLib.csproj", "{7527FB74-E8AC-43F1-9E48-E9D4D2B5D5B3}"
EndProject
Project("{FAE04EC0-301F-11D3-BF4B-00C04F79EFBC}") = "TreyarchCompiler", "TreyarchCompiler\TreyarchCompiler.csproj", "{2CDEFD40-3952-44A7-B69E-711FBACAC869}"
EndProject
Project("{FAE04EC0-301F-11D3-BF4B-00C04F79EFBC}") = "DebugCompiler", "DebugCompiler\DebugCompiler.csproj", "{A45BC8F5-CB13-4006-9EAE-A07CA7CC091C}"
	ProjectSection(ProjectDependencies) = postProject
		{093DADA4-43D5-4327-8686-052E8966B587} = {093DADA4-43D5-4327-8686-052E8966B587}
		{463A5FF3-DAF8-4379-90CC-6A149196D849} = {463A5FF3-DAF8-4379-90CC-6A149196D849}
	EndProjectSection
EndProject
Project("{2150E333-8FDC-42A3-9474-1A3956D46DE8}") = "ThirdParty", "ThirdParty", "{CFC574D6-E4DA-4DBF-A032-3198A8146240}"
EndProject
Project("{FAE04EC0-301F-11D3-BF4B-00C04F79EFBC}") = "External", "External\External.csproj", "{810BDF68-87BB-45A2-AC4F-87643045BF4C}"
EndProject
Project("{FAE04EC0-301F-11D3-BF4B-00C04F79EFBC}") = "t7cInstaller", "ExternalTestingUtility\t7cInstaller.csproj", "{1DC7CE8B-F111-4E49-B915-B88E7D64358B}"
	ProjectSection(ProjectDependencies) = postProject
		{2CDEFD40-3952-44A7-B69E-711FBACAC869} = {2CDEFD40-3952-44A7-B69E-711FBACAC869}
		{810BDF68-87BB-45A2-AC4F-87643045BF4C} = {810BDF68-87BB-45A2-AC4F-87643045BF4C}
		{7527FB74-E8AC-43F1-9E48-E9D4D2B5D5B3} = {7527FB74-E8AC-43F1-9E48-E9D4D2B5D5B3}
		{A45BC8F5-CB13-4006-9EAE-A07CA7CC091C} = {A45BC8F5-CB13-4006-9EAE-A07CA7CC091C}
	EndProjectSection
EndProject
Project("{FAE04EC0-301F-11D3-BF4B-00C04F79EFBC}") = "T89CompilerLib", "T8CompilerLib\T89CompilerLib.csproj", "{C630E36A-4A4C-4F14-AA8B-AE80F592DAAD}"
EndProject
Project("{8BC9CEB8-8B4A-11D0-8D11-00A0C91BC942}") = "t7cinternal", "t7cinternal\t7cinternal.vcxproj", "{093DADA4-43D5-4327-8686-052E8966B587}"
EndProject
Project("{8BC9CEB8-8B4A-11D0-8D11-00A0C91BC942}") = "t8cinternal", "t8cinternal\t8cinternal.vcxproj", "{463A5FF3-DAF8-4379-90CC-6A149196D849}"
EndProject
Global
	GlobalSection(SolutionConfigurationPlatforms) = preSolution
		Debug|Any CPU = Debug|Any CPU
		Debug|x64 = Debug|x64
		Debug|x86 = Debug|x86
		Development|Any CPU = Development|Any CPU
		Development|x64 = Development|x64
		Development|x86 = Development|x86
		Release_Advanced|Any CPU = Release_Advanced|Any CPU
		Release_Advanced|x64 = Release_Advanced|x64
		Release_Advanced|x86 = Release_Advanced|x86
		Release|Any CPU = Release|Any CPU
		Release|x64 = Release|x64
		Release|x86 = Release|x86
	EndGlobalSection
	GlobalSection(ProjectConfigurationPlatforms) = postSolution
		{7527FB74-E8AC-43F1-9E48-E9D4D2B5D5B3}.Debug|Any CPU.ActiveCfg = Debug|Any CPU
		{7527FB74-E8AC-43F1-9E48-E9D4D2B5D5B3}.Debug|Any CPU.Build.0 = Debug|Any CPU
		{7527FB74-E8AC-43F1-9E48-E9D4D2B5D5B3}.Debug|x64.ActiveCfg = Debug|x64
		{7527FB74-E8AC-43F1-9E48-E9D4D2B5D5B3}.Debug|x64.Build.0 = Debug|x64
		{7527FB74-E8AC-43F1-9E48-E9D4D2B5D5B3}.Debug|x86.ActiveCfg = Debug|Any CPU
		{7527FB74-E8AC-43F1-9E48-E9D4D2B5D5B3}.Debug|x86.Build.0 = Debug|Any CPU
		{7527FB74-E8AC-43F1-9E48-E9D4D2B5D5B3}.Development|Any CPU.ActiveCfg = Debug|Any CPU
		{7527FB74-E8AC-43F1-9E48-E9D4D2B5D5B3}.Development|Any CPU.Build.0 = Debug|Any CPU
		{7527FB74-E8AC-43F1-9E48-E9D4D2B5D5B3}.Development|x64.ActiveCfg = Debug|x64
		{7527FB74-E8AC-43F1-9E48-E9D4D2B5D5B3}.Development|x64.Build.0 = Debug|x64
		{7527FB74-E8AC-43F1-9E48-E9D4D2B5D5B3}.Development|x86.ActiveCfg = Debug|Any CPU
		{7527FB74-E8AC-43F1-9E48-E9D4D2B5D5B3}.Development|x86.Build.0 = Debug|Any CPU
		{7527FB74-E8AC-43F1-9E48-E9D4D2B5D5B3}.Release_Advanced|Any CPU.ActiveCfg = Release_Advanced|Any CPU
		{7527FB74-E8AC-43F1-9E48-E9D4D2B5D5B3}.Release_Advanced|Any CPU.Build.0 = Release_Advanced|Any CPU
		{7527FB74-E8AC-43F1-9E48-E9D4D2B5D5B3}.Release_Advanced|x64.ActiveCfg = Release_Advanced|x64
		{7527FB74-E8AC-43F1-9E48-E9D4D2B5D5B3}.Release_Advanced|x64.Build.0 = Release_Advanced|x64
		{7527FB74-E8AC-43F1-9E48-E9D4D2B5D5B3}.Release_Advanced|x86.ActiveCfg = Release_Advanced|Any CPU
		{7527FB74-E8AC-43F1-9E48-E9D4D2B5D5B3}.Release_Advanced|x86.Build.0 = Release_Advanced|Any CPU
		{7527FB74-E8AC-43F1-9E48-E9D4D2B5D5B3}.Release|Any CPU.ActiveCfg = Release|Any CPU
		{7527FB74-E8AC-43F1-9E48-E9D4D2B5D5B3}.Release|Any CPU.Build.0 = Release|Any CPU
		{7527FB74-E8AC-43F1-9E48-E9D4D2B5D5B3}.Release|x64.ActiveCfg = Release|x64
		{7527FB74-E8AC-43F1-9E48-E9D4D2B5D5B3}.Release|x64.Build.0 = Release|x64
		{7527FB74-E8AC-43F1-9E48-E9D4D2B5D5B3}.Release|x86.ActiveCfg = Release|Any CPU
		{7527FB74-E8AC-43F1-9E48-E9D4D2B5D5B3}.Release|x86.Build.0 = Release|Any CPU
		{2CDEFD40-3952-44A7-B69E-711FBACAC869}.Debug|Any CPU.ActiveCfg = Debug|Any CPU
		{2CDEFD40-3952-44A7-B69E-711FBACAC869}.Debug|Any CPU.Build.0 = Debug|Any CPU
		{2CDEFD40-3952-44A7-B69E-711FBACAC869}.Debug|x64.ActiveCfg = Debug|x64
		{2CDEFD40-3952-44A7-B69E-711FBACAC869}.Debug|x64.Build.0 = Debug|x64
		{2CDEFD40-3952-44A7-B69E-711FBACAC869}.Debug|x86.ActiveCfg = Debug|Any CPU
		{2CDEFD40-3952-44A7-B69E-711FBACAC869}.Debug|x86.Build.0 = Debug|Any CPU
		{2CDEFD40-3952-44A7-B69E-711FBACAC869}.Development|Any CPU.ActiveCfg = Debug|Any CPU
		{2CDEFD40-3952-44A7-B69E-711FBACAC869}.Development|Any CPU.Build.0 = Debug|Any CPU
		{2CDEFD40-3952-44A7-B69E-711FBACAC869}.Development|x64.ActiveCfg = Debug|x64
		{2CDEFD40-3952-44A7-B69E-711FBACAC869}.Development|x64.Build.0 = Debug|x64
		{2CDEFD40-3952-44A7-B69E-711FBACAC869}.Development|x86.ActiveCfg = Debug|Any CPU
		{2CDEFD40-3952-44A7-B69E-711FBACAC869}.Development|x86.Build.0 = Debug|Any CPU
		{2CDEFD40-3952-44A7-B69E-711FBACAC869}.Release_Advanced|Any CPU.ActiveCfg = Release_Advanced|Any CPU
		{2CDEFD40-3952-44A7-B69E-711FBACAC869}.Release_Advanced|Any CPU.Build.0 = Release_Advanced|Any CPU
		{2CDEFD40-3952-44A7-B69E-711FBACAC869}.Release_Advanced|x64.ActiveCfg = Release_Advanced|x64
		{2CDEFD40-3952-44A7-B69E-711FBACAC869}.Release_Advanced|x64.Build.0 = Release_Advanced|x64
		{2CDEFD40-3952-44A7-B69E-711FBACAC869}.Release_Advanced|x86.ActiveCfg = Release_Advanced|Any CPU
		{2CDEFD40-3952-44A7-B69E-711FBACAC869}.Release_Advanced|x86.Build.0 = Release_Advanced|Any CPU
		{2CDEFD40-3952-44A7-B69E-711FBACAC869}.Release|Any CPU.ActiveCfg = Release|Any CPU
		{2CDEFD40-3952-44A7-B69E-711FBACAC869}.Release|Any CPU.Build.0 = Release|Any CPU
		{2CDEFD40-3952-44A7-B69E-711FBACAC869}.Release|x64.ActiveCfg = Release|x64
		{2CDEFD40-3952-44A7-B69E-711FBACAC869}.Release|x64.Build.0 = Release|x64
		{2CDEFD40-3952-44A7-B69E-711FBACAC869}.Release|x86.ActiveCfg = Release|Any CPU
		{2CDEFD40-3952-44A7-B69E-711FBACAC869}.Release|x86.Build.0 = Release|Any CPU
		{A45BC8F5-CB13-4006-9EAE-A07CA7CC091C}.Debug|Any CPU.ActiveCfg = Debug|Any CPU
		{A45BC8F5-CB13-4006-9EAE-A07CA7CC091C}.Debug|Any CPU.Build.0 = Debug|Any CPU
		{A45BC8F5-CB13-4006-9EAE-A07CA7CC091C}.Debug|x64.ActiveCfg = Debug|x64
		{A45BC8F5-CB13-4006-9EAE-A07CA7CC091C}.Debug|x64.Build.0 = Debug|x64
		{A45BC8F5-CB13-4006-9EAE-A07CA7CC091C}.Debug|x86.ActiveCfg = Debug|Any CPU
		{A45BC8F5-CB13-4006-9EAE-A07CA7CC091C}.Debug|x86.Build.0 = Debug|Any CPU
		{A45BC8F5-CB13-4006-9EAE-A07CA7CC091C}.Development|Any CPU.ActiveCfg = Debug|Any CPU
		{A45BC8F5-CB13-4006-9EAE-A07CA7CC091C}.Development|Any CPU.Build.0 = Debug|Any CPU
		{A45BC8F5-CB13-4006-9EAE-A07CA7CC091C}.Development|x64.ActiveCfg = Debug|x64
		{A45BC8F5-CB13-4006-9EAE-A07CA7CC091C}.Development|x64.Build.0 = Debug|x64
		{A45BC8F5-CB13-4006-9EAE-A07CA7CC091C}.Development|x86.ActiveCfg = Debug|Any CPU
		{A45BC8F5-CB13-4006-9EAE-A07CA7CC091C}.Development|x86.Build.0 = Debug|Any CPU
		{A45BC8F5-CB13-4006-9EAE-A07CA7CC091C}.Release_Advanced|Any CPU.ActiveCfg = Release_Advanced|Any CPU
		{A45BC8F5-CB13-4006-9EAE-A07CA7CC091C}.Release_Advanced|Any CPU.Build.0 = Release_Advanced|Any CPU
		{A45BC8F5-CB13-4006-9EAE-A07CA7CC091C}.Release_Advanced|x64.ActiveCfg = Release_Advanced|x64
		{A45BC8F5-CB13-4006-9EAE-A07CA7CC091C}.Release_Advanced|x64.Build.0 = Release_Advanced|x64
		{A45BC8F5-CB13-4006-9EAE-A07CA7CC091C}.Release_Advanced|x86.ActiveCfg = Release_Advanced|Any CPU
		{A45BC8F5-CB13-4006-9EAE-A07CA7CC091C}.Release_Advanced|x86.Build.0 = Release_Advanced|Any CPU
		{A45BC8F5-CB13-4006-9EAE-A07CA7CC091C}.Release|Any CPU.ActiveCfg = Release|Any CPU
		{A45BC8F5-CB13-4006-9EAE-A07CA7CC091C}.Release|Any CPU.Build.0 = Release|Any CPU
		{A45BC8F5-CB13-4006-9EAE-A07CA7CC091C}.Release|x64.ActiveCfg = Release|x64
		{A45BC8F5-CB13-4006-9EAE-A07CA7CC091C}.Release|x64.Build.0 = Release|x64
		{A45BC8F5-CB13-4006-9EAE-A07CA7CC091C}.Release|x86.ActiveCfg = Release|Any CPU
		{A45BC8F5-CB13-4006-9EAE-A07CA7CC091C}.Release|x86.Build.0 = Release|Any CPU
		{810BDF68-87BB-45A2-AC4F-87643045BF4C}.Debug|Any CPU.ActiveCfg = Debug|Any CPU
		{810BDF68-87BB-45A2-AC4F-87643045BF4C}.Debug|Any CPU.Build.0 = Debug|Any CPU
		{810BDF68-87BB-45A2-AC4F-87643045BF4C}.Debug|x64.ActiveCfg = Debug|x64
		{810BDF68-87BB-45A2-AC4F-87643045BF4C}.Debug|x64.Build.0 = Debug|x64
		{810BDF68-87BB-45A2-AC4F-87643045BF4C}.Debug|x86.ActiveCfg = Debug|x86
		{810BDF68-87BB-45A2-AC4F-87643045BF4C}.Debug|x86.Build.0 = Debug|x86
		{810BDF68-87BB-45A2-AC4F-87643045BF4C}.Development|Any CPU.ActiveCfg = Development|Any CPU
		{810BDF68-87BB-45A2-AC4F-87643045BF4C}.Development|Any CPU.Build.0 = Development|Any CPU
		{810BDF68-87BB-45A2-AC4F-87643045BF4C}.Development|x64.ActiveCfg = Development|x64
		{810BDF68-87BB-45A2-AC4F-87643045BF4C}.Development|x64.Build.0 = Development|x64
		{810BDF68-87BB-45A2-AC4F-87643045BF4C}.Development|x86.ActiveCfg = Development|x86
		{810BDF68-87BB-45A2-AC4F-87643045BF4C}.Development|x86.Build.0 = Development|x86
		{810BDF68-87BB-45A2-AC4F-87643045BF4C}.Release_Advanced|Any CPU.ActiveCfg = Release_Advanced|Any CPU
		{810BDF68-87BB-45A2-AC4F-87643045BF4C}.Release_Advanced|Any CPU.Build.0 = Release_Advanced|Any CPU
		{810BDF68-87BB-45A2-AC4F-87643045BF4C}.Release_Advanced|x64.ActiveCfg = Release_Advanced|x64
		{810BDF68-87BB-45A2-AC4F-87643045BF4C}.Release_Advanced|x64.Build.0 = Release_Advanced|x64
		{810BDF68-87BB-45A2-AC4F-87643045BF4C}.Release_Advanced|x86.ActiveCfg = Release_Advanced|x86
		{810BDF68-87BB-45A2-AC4F-87643045BF4C}.Release_Advanced|x86.Build.0 = Release_Advanced|x86
		{810BDF68-87BB-45A2-AC4F-87643045BF4C}.Release|Any CPU.ActiveCfg = Release|Any CPU
		{810BDF68-87BB-45A2-AC4F-87643045BF4C}.Release|Any CPU.Build.0 = Release|Any CPU
		{810BDF68-87BB-45A2-AC4F-87643045BF4C}.Release|x64.ActiveCfg = Release|x64
		{810BDF68-87BB-45A2-AC4F-87643045BF4C}.Release|x64.Build.0 = Release|x64
		{810BDF68-87BB-45A2-AC4F-87643045BF4C}.Release|x86.ActiveCfg = Release|x86
		{810BDF68-87BB-45A2-AC4F-87643045BF4C}.Release|x86.Build.0 = Release|x86
		{1DC7CE8B-F111-4E49-B915-B88E7D64358B}.Debug|Any CPU.ActiveCfg = Debug|Any CPU
		{1DC7CE8B-F111-4E49-B915-B88E7D64358B}.Debug|Any CPU.Build.0 = Debug|Any CPU
		{1DC7CE8B-F111-4E49-B915-B88E7D64358B}.Debug|x64.ActiveCfg = Debug|x64
		{1DC7CE8B-F111-4E49-B915-B88E7D64358B}.Debug|x64.Build.0 = Debug|x64
		{1DC7CE8B-F111-4E49-B915-B88E7D64358B}.Debug|x86.ActiveCfg = Debug|Any CPU
		{1DC7CE8B-F111-4E49-B915-B88E7D64358B}.Debug|x86.Build.0 = Debug|Any CPU
		{1DC7CE8B-F111-4E49-B915-B88E7D64358B}.Development|Any CPU.ActiveCfg = Debug|Any CPU
		{1DC7CE8B-F111-4E49-B915-B88E7D64358B}.Development|Any CPU.Build.0 = Debug|Any CPU
		{1DC7CE8B-F111-4E49-B915-B88E7D64358B}.Development|x64.ActiveCfg = Debug|x64
		{1DC7CE8B-F111-4E49-B915-B88E7D64358B}.Development|x64.Build.0 = Debug|x64
		{1DC7CE8B-F111-4E49-B915-B88E7D64358B}.Development|x86.ActiveCfg = Debug|Any CPU
		{1DC7CE8B-F111-4E49-B915-B88E7D64358B}.Development|x86.Build.0 = Debug|Any CPU
		{1DC7CE8B-F111-4E49-B915-B88E7D64358B}.Release_Advanced|Any CPU.ActiveCfg = Release_Advanced|Any CPU
		{1DC7CE8B-F111-4E49-B915-B88E7D64358B}.Release_Advanced|Any CPU.Build.0 = Release_Advanced|Any CPU
		{1DC7CE8B-F111-4E49-B915-B88E7D64358B}.Release_Advanced|x64.ActiveCfg = Release_Advanced|x64
		{1DC7CE8B-F111-4E49-B915-B88E7D64358B}.Release_Advanced|x64.Build.0 = Release_Advanced|x64
		{1DC7CE8B-F111-4E49-B915-B88E7D64358B}.Release_Advanced|x86.ActiveCfg = Release_Advanced|Any CPU
		{1DC7CE8B-F111-4E49-B915-B88E7D64358B}.Release_Advanced|x86.Build.0 = Release_Advanced|Any CPU
		{1DC7CE8B-F111-4E49-B915-B88E7D64358B}.Release|Any CPU.ActiveCfg = Release|Any CPU
		{1DC7CE8B-F111-4E49-B915-B88E7D64358B}.Release|Any CPU.Build.0 = Release|Any CPU
		{1DC7CE8B-F111-4E49-B915-B88E7D64358B}.Release|x64.ActiveCfg = Release|x64
		{1DC7CE8B-F111-4E49-B915-B88E7D64358B}.Release|x64.Build.0 = Release|x64
		{1DC7CE8B-F111-4E49-B915-B88E7D64358B}.Release|x86.ActiveCfg = Release|Any CPU
		{1DC7CE8B-F111-4E49-B915-B88E7D64358B}.Release|x86.Build.0 = Release|Any CPU
		{C630E36A-4A4C-4F14-AA8B-AE80F592DAAD}.Debug|Any CPU.ActiveCfg = Debug|Any CPU
		{C630E36A-4A4C-4F14-AA8B-AE80F592DAAD}.Debug|Any CPU.Build.0 = Debug|Any CPU
		{C630E36A-4A4C-4F14-AA8B-AE80F592DAAD}.Debug|x64.ActiveCfg = Debug|x64
		{C630E36A-4A4C-4F14-AA8B-AE80F592DAAD}.Debug|x64.Build.0 = Debug|x64
		{C630E36A-4A4C-4F14-AA8B-AE80F592DAAD}.Debug|x86.ActiveCfg = Debug|Any CPU
		{C630E36A-4A4C-4F14-AA8B-AE80F592DAAD}.Debug|x86.Build.0 = Debug|Any CPU
		{C630E36A-4A4C-4F14-AA8B-AE80F592DAAD}.Development|Any CPU.ActiveCfg = Debug|Any CPU
		{C630E36A-4A4C-4F14-AA8B-AE80F592DAAD}.Development|Any CPU.Build.0 = Debug|Any CPU
		{C630E36A-4A4C-4F14-AA8B-AE80F592DAAD}.Development|x64.ActiveCfg = Debug|x64
		{C630E36A-4A4C-4F14-AA8B-AE80F592DAAD}.Development|x64.Build.0 = Debug|x64
		{C630E36A-4A4C-4F14-AA8B-AE80F592DAAD}.Development|x86.ActiveCfg = Debug|Any CPU
		{C630E36A-4A4C-4F14-AA8B-AE80F592DAAD}.Development|x86.Build.0 = Debug|Any CPU
		{C630E36A-4A4C-4F14-AA8B-AE80F592DAAD}.Release_Advanced|Any CPU.ActiveCfg = Release_Advanced|Any CPU
		{C630E36A-4A4C-4F14-AA8B-AE80F592DAAD}.Release_Advanced|Any CPU.Build.0 = Release_Advanced|Any CPU
		{C630E36A-4A4C-4F14-AA8B-AE80F592DAAD}.Release_Advanced|x64.ActiveCfg = Release_Advanced|x64
		{C630E36A-4A4C-4F14-AA8B-AE80F592DAAD}.Release_Advanced|x64.Build.0 = Release_Advanced|x64
		{C630E36A-4A4C-4F14-AA8B-AE80F592DAAD}.Release_Advanced|x86.ActiveCfg = Release_Advanced|Any CPU
		{C630E36A-4A4C-4F14-AA8B-AE80F592DAAD}.Release_Advanced|x86.Build.0 = Release_Advanced|Any CPU
		{C630E36A-4A4C-4F14-AA8B-AE80F592DAAD}.Release|Any CPU.ActiveCfg = Release|Any CPU
		{C630E36A-4A4C-4F14-AA8B-AE80F592DAAD}.Release|Any CPU.Build.0 = Release|Any CPU
		{C630E36A-4A4C-4F14-AA8B-AE80F592DAAD}.Release|x64.ActiveCfg = Release|x64
		{C630E36A-4A4C-4F14-AA8B-AE80F592DAAD}.Release|x64.Build.0 = Release|x64
		{C630E36A-4A4C-4F14-AA8B-AE80F592DAAD}.Release|x86.ActiveCfg = Release|Any CPU
		{C630E36A-4A4C-4F14-AA8B-AE80F592DAAD}.Release|x86.Build.0 = Release|Any CPU
		{093DADA4-43D5-4327-8686-052E8966B587}.Debug|Any CPU.ActiveCfg = Debug|Win32
		{093DADA4-43D5-4327-8686-052E8966B587}.Debug|x64.ActiveCfg = Release|x64
		{093DADA4-43D5-4327-8686-052E8966B587}.Debug|x64.Build.0 = Release|x64
		{093DADA4-43D5-4327-8686-052E8966B587}.Debug|x86.ActiveCfg = Debug|Win32
		{093DADA4-43D5-4327-8686-052E8966B587}.Debug|x86.Build.0 = Debug|Win32
		{093DADA4-43D5-4327-8686-052E8966B587}.Development|Any CPU.ActiveCfg = Debug|Win32
		{093DADA4-43D5-4327-8686-052E8966B587}.Development|Any CPU.Build.0 = Debug|Win32
		{093DADA4-43D5-4327-8686-052E8966B587}.Development|x64.ActiveCfg = Release|x64
		{093DADA4-43D5-4327-8686-052E8966B587}.Development|x64.Build.0 = Release|x64
		{093DADA4-43D5-4327-8686-052E8966B587}.Development|x86.ActiveCfg = Debug|Win32
		{093DADA4-43D5-4327-8686-052E8966B587}.Development|x86.Build.0 = Debug|Win32
		{093DADA4-43D5-4327-8686-052E8966B587}.Release_Advanced|Any CPU.ActiveCfg = Release_Advanced|x64
		{093DADA4-43D5-4327-8686-052E8966B587}.Release_Advanced|Any CPU.Build.0 = Release_Advanced|x64
		{093DADA4-43D5-4327-8686-052E8966B587}.Release_Advanced|x64.ActiveCfg = Release_Advanced|x64
		{093DADA4-43D5-4327-8686-052E8966B587}.Release_Advanced|x64.Build.0 = Release_Advanced|x64
		{093DADA4-43D5-4327-8686-052E8966B587}.Release_Advanced|x86.ActiveCfg = Release_Advanced|Win32
		{093DADA4-43D5-4327-8686-052E8966B587}.Release_Advanced|x86.Build.0 = Release_Advanced|Win32
		{093DADA4-43D5-4327-8686-052E8966B587}.Release|Any CPU.ActiveCfg = Release|Win32
		{093DADA4-43D5-4327-8686-052E8966B587}.Release|x64.ActiveCfg = Release|x64
		{093DADA4-43D5-4327-8686-052E8966B587}.Release|x64.Build.0 = Release|x64
		{093DADA4-43D5-4327-8686-052E8966B587}.Release|x86.ActiveCfg = Release|Win32
		{093DADA4-43D5-4327-8686-052E8966B587}.Release|x86.Build.0 = Release|Win32
		{463A5FF3-DAF8-4379-90CC-6A149196D849}.Debug|Any CPU.ActiveCfg = Debug|Win32
		{463A5FF3-DAF8-4379-90CC-6A149196D849}.Debug|x64.ActiveCfg = Release|x64
		{463A5FF3-DAF8-4379-90CC-6A149196D849}.Debug|x64.Build.0 = Release|x64
		{463A5FF3-DAF8-4379-90CC-6A149196D849}.Debug|x86.ActiveCfg = Debug|Win32
		{463A5FF3-DAF8-4379-90CC-6A149196D849}.Debug|x86.Build.0 = Debug|Win32
		{463A5FF3-DAF8-4379-90CC-6A149196D849}.Development|Any CPU.ActiveCfg = Release|x64
		{463A5FF3-DAF8-4379-90CC-6A149196D849}.Development|Any CPU.Build.0 = Release|x64
		{463A5FF3-DAF8-4379-90CC-6A149196D849}.Development|x64.ActiveCfg = Debug|x64
		{463A5FF3-DAF8-4379-90CC-6A149196D849}.Development|x64.Build.0 = Debug|x64
		{463A5FF3-DAF8-4379-90CC-6A149196D849}.Development|x86.ActiveCfg = Debug|Win32
		{463A5FF3-DAF8-4379-90CC-6A149196D849}.Development|x86.Build.0 = Debug|Win32
		{463A5FF3-DAF8-4379-90CC-6A149196D849}.Release_Advanced|Any CPU.ActiveCfg = Release_Advanced|x64
		{463A5FF3-DAF8-4379-90CC-6A149196D849}.Release_Advanced|Any CPU.Build.0 = Release_Advanced|x64
		{463A5FF3-DAF8-4379-90CC-6A149196D849}.Release_Advanced|x64.ActiveCfg = Release_Advanced|x64
		{463A5FF3-DAF8-4379-90CC-6A149196D849}.Release_Advanced|x64.Build.0 = Release_Advanced|x64
		{463A5FF3-DAF8-4379-90CC-6A149196D849}.Release_Advanced|x86.ActiveCfg = Release_Advanced|Win32
		{463A5FF3-DAF8-4379-90CC-6A149196D849}.Release_Advanced|x86.Build.0 = Release_Advanced|Win32
		{463A5FF3-DAF8-4379-90CC-6A149196D849}.Release|Any CPU.ActiveCfg = Release|Win32
		{463A5FF3-DAF8-4379-90CC-6A149196D849}.Release|x64.ActiveCfg = Release|x64
		{463A5FF3-DAF8-4379-90CC-6A149196D849}.Release|x64.Build.0 = Release|x64
		{463A5FF3-DAF8-4379-90CC-6A149196D849}.Release|x86.ActiveCfg = Release|Win32
		{463A5FF3-DAF8-4379-90CC-6A149196D849}.Release|x86.Build.0 = Release|Win32
	EndGlobalSection
	GlobalSection(SolutionProperties) = preSolution
		HideSolutionNode = FALSE
	EndGlobalSection
	GlobalSection(NestedProjects) = preSolution
		{810BDF68-87BB-45A2-AC4F-87643045BF4C} = {CFC574D6-E4DA-4DBF-A032-3198A8146240}
	EndGlobalSection
	GlobalSection(ExtensibilityGlobals) = postSolution
		SolutionGuid = {8FE384BC-E16E-4254-AB46-7D8E2FC4D5F1}
	EndGlobalSection
EndGlobal
